{
  "nodes": {
    "devshell": {
      "locked": {
        "lastModified": 1630239564,
        "narHash": "sha256-lv7atkVE1+dFw0llmzONsbSIo5ao85KpNSRoFk4K8vU=",
        "owner": "numtide",
        "repo": "devshell",
        "rev": "bd86d3a2bb28ce4d223315e0eca0d59fef8a0a73",
        "type": "github"
      },
      "original": {
        "owner": "numtide",
        "repo": "devshell",
        "type": "github"
      }
    },
    "fenix": {
      "inputs": {
        "nixpkgs": [
          "nixpkgs"
        ],
        "rust-analyzer-src": "rust-analyzer-src"
      },
      "locked": {
        "lastModified": 1635834230,
        "narHash": "sha256-gK30eKrZ+WD8w5q0NvQSnl+eEFhEZBF0DztXlM4j2fk=",
        "owner": "nix-community",
        "repo": "fenix",
        "rev": "84a5090408d5fc455729cad582496c2af9cace57",
        "type": "github"
      },
      "original": {
        "owner": "nix-community",
        "repo": "fenix",
        "type": "github"
      }
    },
    "inclusive": {
      "inputs": {
        "stdlib": "stdlib"
      },
      "locked": {
        "lastModified": 1628098927,
        "narHash": "sha256-Ft4sdf7VPL8MQtu18AAPiN2s5pUsbv+3RxqzJSa/yzg=",
        "owner": "input-output-hk",
        "repo": "nix-inclusive",
        "rev": "13123eb7a8c3359738a4756b8d645729e8655b27",
        "type": "github"
      },
      "original": {
        "owner": "input-output-hk",
        "repo": "nix-inclusive",
        "type": "github"
      }
    },
    "iogo": {
      "inputs": {
        "devshell": "devshell",
        "inclusive": "inclusive",
        "nixpkgs": [
          "nixpkgs"
        ],
        "utils": [
          "utils"
        ]
      },
      "locked": {
        "lastModified": 1634056403,
        "narHash": "sha256-3hHRcw4TA+PvXcaKx62Q/w9fZviX/X1P/rnT69LhOLc=",
        "owner": "input-output-hk",
        "repo": "bitte-iogo",
        "rev": "3f9e62cca57ffab9d3872e4533dfa5918f872bcd",
        "type": "github"
      },
      "original": {
        "owner": "input-output-hk",
        "repo": "bitte-iogo",
        "type": "github"
      }
    },
    "naersk": {
      "inputs": {
        "nixpkgs": [
          "nixpkgs"
        ]
      },
      "locked": {
        "lastModified": 1632182181,
        "narHash": "sha256-aAdV+B6iNVlMAJ7tdSOIGOD3cHIiJJxRSApKoJ2J0VQ=",
        "owner": "nrdxp",
        "repo": "naersk",
        "rev": "785ecd4231936535bfcbde2fbba2e7dbbeec0564",
        "type": "github"
      },
      "original": {
        "owner": "nrdxp",
        "ref": "git-deps-fix",
        "repo": "naersk",
        "type": "github"
      }
    },
    "nixpkgs": {
      "locked": {
        "lastModified": 1629827819,
        "narHash": "sha256-cysfDbdjTluO+UtuT6iRrf/2Lt7Qo/qRlpz9F5rz3Sc=",
        "owner": "NixOS",
        "repo": "nixpkgs",
        "rev": "503209808cd613daed238e21e7a18ffcbeacebe3",
        "type": "github"
      },
      "original": {
        "owner": "NixOS",
        "ref": "nixpkgs-unstable",
        "repo": "nixpkgs",
        "type": "github"
      }
    },
    "root": {
      "inputs": {
        "fenix": "fenix",
        "iogo": "iogo",
        "naersk": "naersk",
        "nixpkgs": "nixpkgs",
        "utils": "utils"
      }
    },
    "rust-analyzer-src": {
      "flake": false,
      "locked": {
        "lastModified": 1635675419,
        "narHash": "sha256-tLd3Wo4uVgGpNS8BkIlr6PZmyX7vToJyfEElr9ICV4c=",
        "owner": "rust-analyzer",
        "repo": "rust-analyzer",
        "rev": "04f03a360ab8fef3d9c0ff84de2d39b8a196c717",
        "type": "github"
      },
      "original": {
        "owner": "rust-analyzer",
        "ref": "nightly",
        "repo": "rust-analyzer",
        "type": "github"
      }
    },
    "stdlib": {
      "locked": {
        "lastModified": 1590026685,
        "narHash": "sha256-E5INrVvYX/P/UpcoUFDAsuHem+lsqT+/teBs9O7oc9Q=",
        "owner": "manveru",
        "repo": "nix-lib",
        "rev": "99088cf7febcdb21afd375a335dcafa959bef3ed",
        "type": "github"
      },
      "original": {
        "owner": "manveru",
        "repo": "nix-lib",
        "type": "github"
      }
    },
    "utils": {
      "locked": {
        "lastModified": 1624553342,
        "narHash": "sha256-lHVDPxuvLk0eMGijxnFADfEz1VIyJUwGpaa6ywjyzPQ=",
        "owner": "kreisys",
        "repo": "flake-utils",
        "rev": "911d24db17074f5e9e4f183e461558397ca38ab7",
        "type": "github"
      },
      "original": {
        "owner": "kreisys",
        "repo": "flake-utils",
        "type": "github"
      }
    }
  },
  "root": "root",
  "version": 7
}
