{
  "nodes": {
    "inclusive": {
      "inputs": {
        "stdlib": "stdlib"
      },
      "locked": {
        "lastModified": 1591376980,
        "narHash": "sha256-pjSyg7JX6fJ/QvVhNhlo794YFW2E4wGVQV+YfuZq5Dk=",
        "owner": "manveru",
        "repo": "nix-inclusive",
        "rev": "bb435b7dce2b8a27d174543f0d768646d0d48fa3",
        "type": "github"
      },
      "original": {
        "owner": "manveru",
        "repo": "nix-inclusive",
        "type": "github"
      }
    },
    "nixpkgs": {
      "locked": {
        "lastModified": 1593506545,
        "narHash": "sha256-E3YQM2ZJeAZ9mKLVhX6ykDhOgtTBmmN7fkbePLTncBs=",
        "owner": "NixOS",
        "repo": "nixpkgs",
        "rev": "7db146538e49ad4bee4b5c4fea073c38586df7e2",
        "type": "github"
      },
      "original": {
        "owner": "NixOS",
        "ref": "nixpkgs-unstable",
        "repo": "nixpkgs",
        "type": "github"
      }
    },
    "nixpkgs-crystal": {
      "locked": {
        "lastModified": 1591785879,
        "narHash": "sha256-RfTjvYLCdXw3dyOwbeDU4pDK9ex+QxrRQtMxqesWQOE=",
        "owner": "manveru",
        "repo": "nixpkgs",
        "rev": "62267e49f4e13ed34d1ed328b3b5ff54be5efd18",
        "type": "github"
      },
      "original": {
        "owner": "manveru",
        "ref": "crystal-0.35",
        "repo": "nixpkgs",
        "type": "github"
      }
    },
    "root": {
      "inputs": {
        "inclusive": "inclusive",
        "nixpkgs": "nixpkgs",
        "nixpkgs-crystal": "nixpkgs-crystal",
        "utils": "utils"
      }
    },
    "stdlib": {
      "locked": {
        "lastModified": 1590026685,
        "narHash": "sha256-E5INrVvYX/P/UpcoUFDAsuHem+lsqT+/teBs9O7oc9Q=",
        "owner": "manveru",
        "repo": "nix-lib",
        "rev": "99088cf7febcdb21afd375a335dcafa959bef3ed",
        "type": "github"
      },
      "original": {
        "owner": "manveru",
        "repo": "nix-lib",
        "type": "github"
      }
    },
    "utils": {
      "locked": {
        "lastModified": 1590791977,
        "narHash": "sha256-l26u9vRsdV9jkoBGlzFxTKLKtrZ38xCMZIG9h9ibFjQ=",
        "owner": "numtide",
        "repo": "flake-utils",
        "rev": "4fbce19a7a9647154a35f0e856d52171c41e14a4",
        "type": "github"
      },
      "original": {
        "owner": "numtide",
        "repo": "flake-utils",
        "type": "github"
      }
    }
  },
  "root": "root",
  "version": 7
}
