{
  "nodes": {
    "crystal": {
      "inputs": {
        "nixpkgs": "nixpkgs",
        "utils": "utils"
      },
      "locked": {
        "lastModified": 1602755823,
        "narHash": "sha256-6MYxvT5e1xT4Kb1TKzk4AO3EefQTJ+juj38KUHV+NPI=",
        "owner": "kreisys",
        "repo": "crystal",
        "rev": "6718e4f851347ce34d8fbabf516c6a0da85966f0",
        "type": "github"
      },
      "original": {
        "owner": "kreisys",
        "repo": "crystal",
        "type": "github"
      }
    },
    "inclusive": {
      "inputs": {
        "stdlib": "stdlib"
      },
      "locked": {
        "lastModified": 1594133516,
        "narHash": "sha256-4Z9XU8QRmTU7LldCxwRqkEH5pHJwgW8XmMvqu4t2DEg=",
        "owner": "input-output-hk",
        "repo": "nix-inclusive",
        "rev": "11d05e4f1ca04fd250a9734e27970ad73bbd872d",
        "type": "github"
      },
      "original": {
        "owner": "input-output-hk",
        "repo": "nix-inclusive",
        "type": "github"
      }
    },
    "nixpkgs": {
      "locked": {
        "lastModified": 1602739928,
        "narHash": "sha256-mpfoeHf9QaMPNurSYeSkxerDfs6Fj7HDElSMXDaTOPQ=",
        "owner": "NixOS",
        "repo": "nixpkgs",
        "rev": "2a4607f44222a92b8a44e6e1dac715e7eca04239",
        "type": "github"
      },
      "original": {
        "id": "nixpkgs",
        "type": "indirect"
      }
    },
    "root": {
      "inputs": {
        "crystal": "crystal",
        "inclusive": "inclusive",
        "nixpkgs": [
          "crystal",
          "nixpkgs"
        ],
        "utils": "utils_2"
      }
    },
    "stdlib": {
      "locked": {
        "lastModified": 1590026685,
        "narHash": "sha256-E5INrVvYX/P/UpcoUFDAsuHem+lsqT+/teBs9O7oc9Q=",
        "owner": "manveru",
        "repo": "nix-lib",
        "rev": "99088cf7febcdb21afd375a335dcafa959bef3ed",
        "type": "github"
      },
      "original": {
        "owner": "manveru",
        "repo": "nix-lib",
        "type": "github"
      }
    },
    "utils": {
      "locked": {
        "lastModified": 1601282935,
        "narHash": "sha256-WQAFV6sGGQxrRs3a+/Yj9xUYvhTpukQJIcMbIi7LCJ4=",
        "owner": "numtide",
        "repo": "flake-utils",
        "rev": "588973065fce51f4763287f0fda87a174d78bf48",
        "type": "github"
      },
      "original": {
        "owner": "numtide",
        "repo": "flake-utils",
        "type": "github"
      }
    },
    "utils_2": {
      "locked": {
        "lastModified": 1590791977,
        "narHash": "sha256-l26u9vRsdV9jkoBGlzFxTKLKtrZ38xCMZIG9h9ibFjQ=",
        "owner": "numtide",
        "repo": "flake-utils",
        "rev": "4fbce19a7a9647154a35f0e856d52171c41e14a4",
        "type": "github"
      },
      "original": {
        "owner": "numtide",
        "repo": "flake-utils",
        "type": "github"
      }
    }
  },
  "root": "root",
  "version": 7
}
