{
  "nodes": {
    "devshell": {
      "locked": {
        "lastModified": 1612486691,
        "narHash": "sha256-WluAIsf/HMYeg8PnM1sODRmiEOzt1wjjY+l8tbttLSI=",
        "owner": "numtide",
        "repo": "devshell",
        "rev": "02933029b06747c7523f3a6f677df06d4cfdfc7b",
        "type": "github"
      },
      "original": {
        "owner": "numtide",
        "repo": "devshell",
        "type": "github"
      }
    },
    "naersk": {
      "inputs": {
        "nixpkgs": [
          "nixpkgs"
        ]
      },
      "locked": {
        "lastModified": 1612192764,
        "narHash": "sha256-7EnLtZQWP6511G1ZPA7FmJlqAr3hWsAYb24tvTvJ/ec=",
        "owner": "nmattia",
        "repo": "naersk",
        "rev": "6e149bfd726a8ebefa415f2d713ba6d942435abd",
        "type": "github"
      },
      "original": {
        "owner": "nmattia",
        "repo": "naersk",
        "type": "github"
      }
    },
    "nixpkgs": {
      "locked": {
        "lastModified": 1612925554,
        "narHash": "sha256-Ol9EIHRSsX8I0nJLsrnBilk3CvfqP0KNaPyjuqGzJHs=",
        "owner": "NixOS",
        "repo": "nixpkgs",
        "rev": "3d5946bfbec290acefe912095ff7dc083b8e660b",
        "type": "github"
      },
      "original": {
        "id": "nixpkgs",
        "type": "indirect"
      }
    },
    "root": {
      "inputs": {
        "devshell": "devshell",
        "naersk": "naersk",
        "nixpkgs": "nixpkgs",
        "utils": "utils"
      }
    },
    "utils": {
      "locked": {
        "lastModified": 1612965128,
        "narHash": "sha256-e4GS2xE+EreaPL7l9XF9qfu+tOe15LvGLguRRAJ5inQ=",
        "owner": "kreisys",
        "repo": "flake-utils",
        "rev": "cef43603b50f716edf81d159b27013d753aa0718",
        "type": "github"
      },
      "original": {
        "owner": "kreisys",
        "repo": "flake-utils",
        "type": "github"
      }
    }
  },
  "root": "root",
  "version": 7
}
